
Microsoft Visual Studio Solution File, Format Version 12.00
# Visual Studio Version 18
VisualStudioVersion = 18.0.11205.157
MinimumVisualStudioVersion = 10.0.40219.1
Project("{FAE04EC0-301F-11D3-BF4B-00C04F79EFBC}") = "IkeaDocuScan-Web", "IkeaDocuScan-Web\IkeaDocuScan-Web\IkeaDocuScan-Web.csproj", "{A957ABCD-3DEC-0462-9EC3-D7FA038212BC}"
EndProject
Project("{FAE04EC0-301F-11D3-BF4B-00C04F79EFBC}") = "IkeaDocuScan-Web.Client", "IkeaDocuScan-Web\IkeaDocuScan-Web.Client\IkeaDocuScan-Web.Client.csproj", "{0D33E305-BD36-8F63-0462-1C4B2FABFCEE}"
EndProject
Project("{FAE04EC0-301F-11D3-BF4B-00C04F79EFBC}") = "IkeaDocuScanV3.AppHost", "IkeaDocuScanV3.AppHost\IkeaDocuScanV3.AppHost.csproj", "{65806E27-5084-450F-9573-D305270CD2FE}"
EndProject
Project("{FAE04EC0-301F-11D3-BF4B-00C04F79EFBC}") = "IkeaDocuScanV3.ServiceDefaults", "IkeaDocuScanV3.ServiceDefaults\IkeaDocuScanV3.ServiceDefaults.csproj", "{075E3DC6-5CB6-F5A4-7A2D-401AAA8E030B}"
EndProject
Project("{FAE04EC0-301F-11D3-BF4B-00C04F79EFBC}") = "IkeaDocuScan.Shared", "IkeaDocuScan.Shared\IkeaDocuScan.Shared.csproj", "{B1234567-89AB-CDEF-0123-456789ABCDEF}"
EndProject
Project("{FAE04EC0-301F-11D3-BF4B-00C04F79EFBC}") = "IkeaDocuScan.Infrastructure", "IkeaDocuScan.Infrastructure\IkeaDocuScan.Infrastructure.csproj", "{C2345678-9ABC-DEF0-1234-56789ABCDEF0}"
EndProject
Project("{FAE04EC0-301F-11D3-BF4B-00C04F79EFBC}") = "ExcelReporting", "ExcelReporting\ExcelReporting.csproj", "{D3456789-ABCD-EF01-2345-6789ABCDEF01}"
EndProject
Project("{FAE04EC0-301F-11D3-BF4B-00C04F79EFBC}") = "IkeaDocuScan.ActionReminderService", "IkeaDocuScan.ActionReminderService\IkeaDocuScan.ActionReminderService.csproj", "{E4567890-BCDE-F012-3456-789ABCDEF012}"
EndProject
Project("{2150E333-8FDC-42A3-9474-1A3956D46DE8}") = "Solution Items", "Solution Items", "{8EC462FD-D22E-90A8-E5CE-7E832BA40C5D}"
	ProjectSection(SolutionItems) = preProject
		CLAUDE.md = CLAUDE.md
		..\.claude\commands\init.md = ..\.claude\commands\init.md
		TODO.txt = TODO.txt
	EndProjectSection
EndProject
Project("{2150E333-8FDC-42A3-9474-1A3956D46DE8}") = "Migration", "Migration", "{02EA681E-C7D8-13C7-8484-4AC65E1B71E8}"
	ProjectSection(SolutionItems) = preProject
		..\DbMigration\db-scripts\00A_Restore_And_Migrate_Schema.sql = ..\DbMigration\db-scripts\00A_Restore_And_Migrate_Schema.sql
		..\DbMigration\db-scripts\00_Create_Database_And_User.sql = ..\DbMigration\db-scripts\00_Create_Database_And_User.sql
		..\DbMigration\db-scripts\01_Add_FK_Columns.sql = ..\DbMigration\db-scripts\01_Add_FK_Columns.sql
		..\DbMigration\db-scripts\02_Migrate_FK_Data.sql = ..\DbMigration\db-scripts\02_Migrate_FK_Data.sql
		..\DbMigration\db-scripts\03_Finalize_FK_Constraints.sql = ..\DbMigration\db-scripts\03_Finalize_FK_Constraints.sql
		..\DbMigration\db-scripts\04_Create_DocuScanUser_Table.sql = ..\DbMigration\db-scripts\04_Create_DocuScanUser_Table.sql
		..\DbMigration\db-scripts\05_Migrate_Users_To_DocuScanUser.sql = ..\DbMigration\db-scripts\05_Migrate_Users_To_DocuScanUser.sql
		..\DbMigration\db-scripts\06_Add_FK_Constraint_UserPermissions.sql = ..\DbMigration\db-scripts\06_Add_FK_Constraint_UserPermissions.sql
		..\DbMigration\db-scripts\07_Remove_AccountName_From_UserPermissions.sql = ..\DbMigration\db-scripts\07_Remove_AccountName_From_UserPermissions.sql
	EndProjectSection
EndProject
Project("{2150E333-8FDC-42A3-9474-1A3956D46DE8}") = "Documentation", "Documentation", "{3CA0CEEC-0948-4133-825D-A4EBA58802F9}"
	ProjectSection(SolutionItems) = preProject
		Documentation\AD_GROUPS_QUICK_REFERENCE.md = Documentation\AD_GROUPS_QUICK_REFERENCE.md
		Documentation\ARCHITECTURE_IMPLEMENTATION_PLAN.md = Documentation\ARCHITECTURE_IMPLEMENTATION_PLAN.md
		Documentation\AUTHORIZATION_GUIDE.md = Documentation\AUTHORIZATION_GUIDE.md
		Documentation\DEPLOYMENT_CHECKLIST.md = Documentation\DEPLOYMENT_CHECKLIST.md
		Documentation\DEPLOYMENT_PLAN.md = Documentation\DEPLOYMENT_PLAN.md
		Documentation\DESIGN_DECISIONS.md = Documentation\DESIGN_DECISIONS.md
		Documentation\EMAIL_SERVICE_GUIDE.md = Documentation\EMAIL_SERVICE_GUIDE.md
		Documentation\ENDPOINT_AUTHORIZATION_MATRIX.md = Documentation\ENDPOINT_AUTHORIZATION_MATRIX.md
		Documentation\USER_QUICK_GUIDE.md = Documentation\USER_QUICK_GUIDE.md
	EndProjectSection
EndProject
Global
	GlobalSection(SolutionConfigurationPlatforms) = preSolution
		Debug|Any CPU = Debug|Any CPU
		Release|Any CPU = Release|Any CPU
	EndGlobalSection
	GlobalSection(ProjectConfigurationPlatforms) = postSolution
		{A957ABCD-3DEC-0462-9EC3-D7FA038212BC}.Debug|Any CPU.ActiveCfg = Debug|Any CPU
		{A957ABCD-3DEC-0462-9EC3-D7FA038212BC}.Debug|Any CPU.Build.0 = Debug|Any CPU
		{A957ABCD-3DEC-0462-9EC3-D7FA038212BC}.Release|Any CPU.ActiveCfg = Release|Any CPU
		{A957ABCD-3DEC-0462-9EC3-D7FA038212BC}.Release|Any CPU.Build.0 = Release|Any CPU
		{0D33E305-BD36-8F63-0462-1C4B2FABFCEE}.Debug|Any CPU.ActiveCfg = Debug|Any CPU
		{0D33E305-BD36-8F63-0462-1C4B2FABFCEE}.Debug|Any CPU.Build.0 = Debug|Any CPU
		{0D33E305-BD36-8F63-0462-1C4B2FABFCEE}.Release|Any CPU.ActiveCfg = Release|Any CPU
		{0D33E305-BD36-8F63-0462-1C4B2FABFCEE}.Release|Any CPU.Build.0 = Release|Any CPU
		{65806E27-5084-450F-9573-D305270CD2FE}.Debug|Any CPU.ActiveCfg = Debug|Any CPU
		{65806E27-5084-450F-9573-D305270CD2FE}.Debug|Any CPU.Build.0 = Debug|Any CPU
		{65806E27-5084-450F-9573-D305270CD2FE}.Release|Any CPU.ActiveCfg = Release|Any CPU
		{65806E27-5084-450F-9573-D305270CD2FE}.Release|Any CPU.Build.0 = Release|Any CPU
		{075E3DC6-5CB6-F5A4-7A2D-401AAA8E030B}.Debug|Any CPU.ActiveCfg = Debug|Any CPU
		{075E3DC6-5CB6-F5A4-7A2D-401AAA8E030B}.Debug|Any CPU.Build.0 = Debug|Any CPU
		{075E3DC6-5CB6-F5A4-7A2D-401AAA8E030B}.Release|Any CPU.ActiveCfg = Release|Any CPU
		{075E3DC6-5CB6-F5A4-7A2D-401AAA8E030B}.Release|Any CPU.Build.0 = Release|Any CPU
		{B1234567-89AB-CDEF-0123-456789ABCDEF}.Debug|Any CPU.ActiveCfg = Debug|Any CPU
		{B1234567-89AB-CDEF-0123-456789ABCDEF}.Debug|Any CPU.Build.0 = Debug|Any CPU
		{B1234567-89AB-CDEF-0123-456789ABCDEF}.Release|Any CPU.ActiveCfg = Release|Any CPU
		{B1234567-89AB-CDEF-0123-456789ABCDEF}.Release|Any CPU.Build.0 = Release|Any CPU
		{C2345678-9ABC-DEF0-1234-56789ABCDEF0}.Debug|Any CPU.ActiveCfg = Debug|Any CPU
		{C2345678-9ABC-DEF0-1234-56789ABCDEF0}.Debug|Any CPU.Build.0 = Debug|Any CPU
		{C2345678-9ABC-DEF0-1234-56789ABCDEF0}.Release|Any CPU.ActiveCfg = Release|Any CPU
		{C2345678-9ABC-DEF0-1234-56789ABCDEF0}.Release|Any CPU.Build.0 = Release|Any CPU
		{D3456789-ABCD-EF01-2345-6789ABCDEF01}.Debug|Any CPU.ActiveCfg = Debug|Any CPU
		{D3456789-ABCD-EF01-2345-6789ABCDEF01}.Debug|Any CPU.Build.0 = Debug|Any CPU
		{D3456789-ABCD-EF01-2345-6789ABCDEF01}.Release|Any CPU.ActiveCfg = Release|Any CPU
		{D3456789-ABCD-EF01-2345-6789ABCDEF01}.Release|Any CPU.Build.0 = Release|Any CPU
		{E4567890-BCDE-F012-3456-789ABCDEF012}.Debug|Any CPU.ActiveCfg = Debug|Any CPU
		{E4567890-BCDE-F012-3456-789ABCDEF012}.Debug|Any CPU.Build.0 = Debug|Any CPU
		{E4567890-BCDE-F012-3456-789ABCDEF012}.Release|Any CPU.ActiveCfg = Release|Any CPU
		{E4567890-BCDE-F012-3456-789ABCDEF012}.Release|Any CPU.Build.0 = Release|Any CPU
	EndGlobalSection
	GlobalSection(SolutionProperties) = preSolution
		HideSolutionNode = FALSE
	EndGlobalSection
	GlobalSection(NestedProjects) = preSolution
		{02EA681E-C7D8-13C7-8484-4AC65E1B71E8} = {8EC462FD-D22E-90A8-E5CE-7E832BA40C5D}
		{3CA0CEEC-0948-4133-825D-A4EBA58802F9} = {8EC462FD-D22E-90A8-E5CE-7E832BA40C5D}
	EndGlobalSection
	GlobalSection(ExtensibilityGlobals) = postSolution
		SolutionGuid = {C4D0F886-D9F1-4CB8-8EAE-58C2DEA784C2}
	EndGlobalSection
EndGlobal
